
Microsoft Visual Studio Solution File, Format Version 12.00
# Visual Studio 15
VisualStudioVersion = 15.0.27004.2002
MinimumVisualStudioVersion = 10.0.40219.1
Project("{FAE04EC0-301F-11D3-BF4B-00C04F79EFBC}") = "Scrummage", "Scrummage\Scrummage.csproj", "{E2EE76D0-5E78-486D-8F08-9F695D0F233B}"
EndProject
Global
	GlobalSection(SolutionConfigurationPlatforms) = preSolution
		Debug|Any CPU = Debug|Any CPU
		Release|Any CPU = Release|Any CPU
	EndGlobalSection
	GlobalSection(ProjectConfigurationPlatforms) = postSolution
		{E2EE76D0-5E78-486D-8F08-9F695D0F233B}.Debug|Any CPU.ActiveCfg = Debug|Any CPU
		{E2EE76D0-5E78-486D-8F08-9F695D0F233B}.Debug|Any CPU.Build.0 = Debug|Any CPU
		{E2EE76D0-5E78-486D-8F08-9F695D0F233B}.Release|Any CPU.ActiveCfg = Release|Any CPU
		{E2EE76D0-5E78-486D-8F08-9F695D0F233B}.Release|Any CPU.Build.0 = Release|Any CPU
	EndGlobalSection
	GlobalSection(SolutionProperties) = preSolution
		HideSolutionNode = FALSE
	EndGlobalSection
	GlobalSection(ExtensibilityGlobals) = postSolution
		SolutionGuid = {6C03E145-373A-4B17-9F2A-0F91CBD89144}
	EndGlobalSection
EndGlobal
